{
  "version": 4,
  "terraform_version": "1.3.2",
  "serial": 8,
  "lineage": "64b2cf05-a6b1-d57c-46be-b1a9d662823e",
  "outputs": {},
  "resources": [
    {
      "mode": "data",
      "type": "digitalocean_ssh_key",
      "name": "jornada",
      "provider": "provider[\"registry.terraform.io/digitalocean/digitalocean\"]",
      "instances": [
        {
          "schema_version": 0,
          "attributes": {
            "fingerprint": "49:e2:1a:fc:13:c6:51:be:30:09:6e:ad:7e:05:f8:0b",
            "id": 36565430,
            "name": "JornadaDevOpsAula3",
            "public_key": "ssh-rsa AAAAB3NzaC1yc2EAAAADAQABAAABgQCjDYrX2pMs0X5zM10eMRo2V3crXi7+izOTsFsyCnaZYDcqfeoZq9cQlB56JZJIKVplrAkZzfN8dpMzlMbhpGfj2+ofkwpeqTnuXTudvc28f+h/8Lo1Vk2jHEgF/5T4qSje6RqercLpdSKouvXaG4nImu64pOZcUNrTflk8vPokzZFq5gXrPLex2eGVrYFMt11mz3mu53an2qRVFl7GvIz6B5pzWRGcsA/K7AlMTteG54q0mwkI1HWvNT/DR6rIt5hlssEXTrcBKTt0IVwHt5KJiOdwHwKJTlPEuRaavICZi+tODihu2MWnUT7p7e/40rLsu1XMzz3znWGyrlBRrX8l+MmEOnCtFeQDa0ZmyDyPoSgx0GukWynaN7p+g/CYScwOxigmOXmaukdgbqUw+MhvX6u6m694HaSObkM3Ho1Ps6oi6+U04WzqkAeBAtAx9CHEZx/Fxop+5MznxoDzrdmf8pv/nCVV+x5wnxGR0BdM61Mzrht//enxMmbueH0kbVc= zecacodezinho@CAUA-PC"
          },
          "sensitive_attributes": []
        }
      ]
    },
    {
      "mode": "managed",
      "type": "digitalocean_droplet",
      "name": "jenkins",
      "provider": "provider[\"registry.terraform.io/digitalocean/digitalocean\"]",
      "instances": [
        {
          "schema_version": 1,
          "attributes": {
            "backups": false,
            "created_at": "2022-10-23T10:55:13Z",
            "disk": 60,
            "droplet_agent": null,
            "graceful_shutdown": false,
            "id": "322488307",
            "image": "ubuntu-22-04-x64",
            "ipv4_address": "142.93.75.80",
            "ipv4_address_private": "10.108.0.5",
            "ipv6": false,
            "ipv6_address": "",
            "locked": false,
            "memory": 2048,
            "monitoring": false,
            "name": "jenkins",
            "price_hourly": 0.02679,
            "price_monthly": 18,
            "private_networking": true,
            "region": "nyc3",
            "resize_disk": true,
            "size": "s-2vcpu-2gb",
            "ssh_keys": [
              "36565430"
            ],
            "status": "active",
            "tags": [],
            "timeouts": null,
            "urn": "do:droplet:322488307",
            "user_data": null,
            "vcpus": 2,
            "volume_ids": [],
            "vpc_uuid": "0ae63336-83dc-4da7-aa78-3730d93dda99"
          },
          "sensitive_attributes": [],
          "private": "eyJlMmJmYjczMC1lY2FhLTExZTYtOGY4OC0zNDM2M2JjN2M0YzAiOnsiY3JlYXRlIjozNjAwMDAwMDAwMDAwLCJkZWxldGUiOjYwMDAwMDAwMDAwLCJ1cGRhdGUiOjM2MDAwMDAwMDAwMDB9LCJzY2hlbWFfdmVyc2lvbiI6IjEifQ==",
          "dependencies": [
            "data.digitalocean_ssh_key.jornada"
          ]
        }
      ]
    }
  ],
  "check_results": []
}
