{
  "version": 4,
  "terraform_version": "1.3.2",
  "serial": 6,
  "lineage": "64b2cf05-a6b1-d57c-46be-b1a9d662823e",
  "outputs": {},
  "resources": [
    {
      "mode": "data",
      "type": "digitalocean_ssh_key",
      "name": "jornada",
      "provider": "provider[\"registry.terraform.io/digitalocean/digitalocean\"]",
      "instances": [
        {
          "schema_version": 0,
          "attributes": {
            "fingerprint": "56:12:64:6a:d8:73:52:b4:04:1b:bf:ac:41:f4:4b:1a",
            "id": 36564906,
            "name": "JornadaDevOps",
            "public_key": "ssh-rsa AAAAB3NzaC1yc2EAAAADAQABAAABAQCit6MSz3lmvr/2W9fU8lYwOkemGfCMzQj+fLZclHYkzcbsbkzWkpJHwUnjOjMJBpmw9/l5lcaHJbWOk2IHIPJjspckHx9GAlfTMWce7AyZXI97O7FJn/mPzYfqEibc+DZx+SGxJM9qm6CynVN4REFZ35EJTS193J89RrHR0/L3wTCuVcG8KwpTXWM5OX7XfX3pIxD4GVHOz9YY5js4din37cqbH43HmxtkYMODu2XD+S5t+WajAPsO0dQKVxV2aNBdQsKiWSKhhNXfyidl9Zdcs+fm8psaZfZfN2OxPTO3/k39GatK0hks8wcScN/IktVwxTIAxZhZ25Dq3kC/YySP zecacodezinho@CAUA-PC\n"
          },
          "sensitive_attributes": []
        }
      ]
    },
    {
      "mode": "managed",
      "type": "digitalocean_droplet",
      "name": "jenkins",
      "provider": "provider[\"registry.terraform.io/digitalocean/digitalocean\"]",
      "instances": [
        {
          "schema_version": 1,
          "attributes": {
            "backups": false,
            "created_at": "2022-10-23T10:21:42Z",
            "disk": 60,
            "droplet_agent": null,
            "graceful_shutdown": false,
            "id": "322485392",
            "image": "ubuntu-22-04-x64",
            "ipv4_address": "159.89.46.233",
            "ipv4_address_private": "10.108.0.2",
            "ipv6": false,
            "ipv6_address": "",
            "locked": false,
            "memory": 2048,
            "monitoring": false,
            "name": "jenkins",
            "price_hourly": 0.02679,
            "price_monthly": 18,
            "private_networking": true,
            "region": "nyc3",
            "resize_disk": true,
            "size": "s-2vcpu-2gb",
            "ssh_keys": [
              "36564906"
            ],
            "status": "active",
            "tags": null,
            "timeouts": null,
            "urn": "do:droplet:322485392",
            "user_data": null,
            "vcpus": 2,
            "volume_ids": [],
            "vpc_uuid": "0ae63336-83dc-4da7-aa78-3730d93dda99"
          },
          "sensitive_attributes": [],
          "private": "eyJlMmJmYjczMC1lY2FhLTExZTYtOGY4OC0zNDM2M2JjN2M0YzAiOnsiY3JlYXRlIjozNjAwMDAwMDAwMDAwLCJkZWxldGUiOjYwMDAwMDAwMDAwLCJ1cGRhdGUiOjM2MDAwMDAwMDAwMDB9LCJzY2hlbWFfdmVyc2lvbiI6IjEifQ==",
          "dependencies": [
            "data.digitalocean_ssh_key.jornada"
          ]
        }
      ]
    }
  ],
  "check_results": []
}
